
Microsoft Visual Studio Solution File, Format Version 12.00
# Visual Studio Version 17
VisualStudioVersion = 17.13.35931.197 d17.13
MinimumVisualStudioVersion = 10.0.40219.1
Project("{FAE04EC0-301F-11D3-BF4B-00C04F79EFBC}") = "SequenciaFibonacci", "SequenciaFibonacci\SequenciaFibonacci.csproj", "{76352E59-C4C3-4A8F-A35F-785E7AF979EF}"
EndProject
Global
	GlobalSection(SolutionConfigurationPlatforms) = preSolution
		Debug|Any CPU = Debug|Any CPU
		Release|Any CPU = Release|Any CPU
	EndGlobalSection
	GlobalSection(ProjectConfigurationPlatforms) = postSolution
		{76352E59-C4C3-4A8F-A35F-785E7AF979EF}.Debug|Any CPU.ActiveCfg = Debug|Any CPU
		{76352E59-C4C3-4A8F-A35F-785E7AF979EF}.Debug|Any CPU.Build.0 = Debug|Any CPU
		{76352E59-C4C3-4A8F-A35F-785E7AF979EF}.Release|Any CPU.ActiveCfg = Release|Any CPU
		{76352E59-C4C3-4A8F-A35F-785E7AF979EF}.Release|Any CPU.Build.0 = Release|Any CPU
	EndGlobalSection
	GlobalSection(SolutionProperties) = preSolution
		HideSolutionNode = FALSE
	EndGlobalSection
	GlobalSection(ExtensibilityGlobals) = postSolution
		SolutionGuid = {07326EAD-9034-4247-9D0B-7A10DAF2D99A}
	EndGlobalSection
EndGlobal
